{
  "name": "js-utility",
  "version": "0.0.1",
  "dependencies": {
    "@types/jasmine": {
      "version": "2.5.36",
      "from": "@types/jasmine@2.5.36",
      "resolved": "https://registry.npmjs.org/@types/jasmine/-/jasmine-2.5.36.tgz",
      "dev": true
    },
    "@types/lodash": {
      "version": "4.14.62",
      "from": "@types/lodash@>=4.14.62 <5.0.0",
      "resolved": "https://registry.npmjs.org/@types/lodash/-/lodash-4.14.62.tgz",
      "dev": true
    },
    "ansi-align": {
      "version": "1.1.0",
      "from": "ansi-align@>=1.1.0 <2.0.0",
      "resolved": "https://registry.npmjs.org/ansi-align/-/ansi-align-1.1.0.tgz",
      "dev": true,
      "dependencies": {
        "string-width": {
          "version": "1.0.2",
          "from": "string-width@>=1.0.1 <2.0.0",
          "resolved": "https://registry.npmjs.org/string-width/-/string-width-1.0.2.tgz",
          "dev": true
        }
      }
    },
    "ansi-escapes": {
      "version": "1.4.0",
      "from": "ansi-escapes@>=1.1.0 <2.0.0",
      "resolved": "https://registry.npmjs.org/ansi-escapes/-/ansi-escapes-1.4.0.tgz",
      "dev": true
    },
    "ansi-regex": {
      "version": "2.1.1",
      "from": "ansi-regex@>=2.0.0 <3.0.0",
      "resolved": "https://registry.npmjs.org/ansi-regex/-/ansi-regex-2.1.1.tgz",
      "dev": true
    },
    "ansi-styles": {
      "version": "2.2.1",
      "from": "ansi-styles@>=2.2.1 <3.0.0",
      "resolved": "https://registry.npmjs.org/ansi-styles/-/ansi-styles-2.2.1.tgz",
      "dev": true
    },
    "arr-diff": {
      "version": "2.0.0",
      "from": "arr-diff@>=2.0.0 <3.0.0",
      "resolved": "https://registry.npmjs.org/arr-diff/-/arr-diff-2.0.0.tgz",
      "dev": true
    },
    "arr-flatten": {
      "version": "1.0.1",
      "from": "arr-flatten@>=1.0.1 <2.0.0",
      "resolved": "https://registry.npmjs.org/arr-flatten/-/arr-flatten-1.0.1.tgz",
      "dev": true
    },
    "array-unique": {
      "version": "0.2.1",
      "from": "array-unique@>=0.2.1 <0.3.0",
      "resolved": "https://registry.npmjs.org/array-unique/-/array-unique-0.2.1.tgz",
      "dev": true
    },
    "babel-code-frame": {
      "version": "6.22.0",
      "from": "babel-code-frame@>=6.20.0 <7.0.0",
      "resolved": "https://registry.npmjs.org/babel-code-frame/-/babel-code-frame-6.22.0.tgz",
      "dev": true
    },
    "balanced-match": {
      "version": "0.4.2",
      "from": "balanced-match@>=0.4.1 <0.5.0",
      "resolved": "https://registry.npmjs.org/balanced-match/-/balanced-match-0.4.2.tgz",
      "dev": true
    },
    "boxen": {
      "version": "1.0.0",
      "from": "boxen@>=1.0.0 <2.0.0",
      "resolved": "https://registry.npmjs.org/boxen/-/boxen-1.0.0.tgz",
      "dev": true
    },
    "brace-expansion": {
      "version": "1.1.6",
      "from": "brace-expansion@>=1.0.0 <2.0.0",
      "resolved": "https://registry.npmjs.org/brace-expansion/-/brace-expansion-1.1.6.tgz",
      "dev": true
    },
    "braces": {
      "version": "1.8.5",
      "from": "braces@>=1.8.2 <2.0.0",
      "resolved": "https://registry.npmjs.org/braces/-/braces-1.8.5.tgz",
      "dev": true
    },
    "buffer-shims": {
      "version": "1.0.0",
      "from": "buffer-shims@>=1.0.0 <1.1.0",
      "resolved": "https://registry.npmjs.org/buffer-shims/-/buffer-shims-1.0.0.tgz",
      "dev": true
    },
    "cachedir": {
      "version": "1.1.1",
      "from": "cachedir@>=1.1.0 <2.0.0",
      "resolved": "https://registry.npmjs.org/cachedir/-/cachedir-1.1.1.tgz",
      "dev": true
    },
    "camelcase": {
      "version": "4.0.0",
      "from": "camelcase@>=4.0.0 <5.0.0",
      "resolved": "https://registry.npmjs.org/camelcase/-/camelcase-4.0.0.tgz",
      "dev": true
    },
    "capture-stack-trace": {
      "version": "1.0.0",
      "from": "capture-stack-trace@>=1.0.0 <2.0.0",
      "resolved": "https://registry.npmjs.org/capture-stack-trace/-/capture-stack-trace-1.0.0.tgz",
      "dev": true
    },
    "chalk": {
      "version": "1.1.3",
      "from": "chalk@>=1.1.0 <2.0.0",
      "resolved": "https://registry.npmjs.org/chalk/-/chalk-1.1.3.tgz",
      "dev": true
    },
    "cli-boxes": {
      "version": "1.0.0",
      "from": "cli-boxes@>=1.0.0 <2.0.0",
      "resolved": "https://registry.npmjs.org/cli-boxes/-/cli-boxes-1.0.0.tgz",
      "dev": true
    },
    "cli-cursor": {
      "version": "1.0.2",
      "from": "cli-cursor@>=1.0.1 <2.0.0",
      "resolved": "https://registry.npmjs.org/cli-cursor/-/cli-cursor-1.0.2.tgz",
      "dev": true
    },
    "cli-width": {
      "version": "2.1.0",
      "from": "cli-width@>=2.0.0 <3.0.0",
      "resolved": "https://registry.npmjs.org/cli-width/-/cli-width-2.1.0.tgz",
      "dev": true
    },
    "code-point-at": {
      "version": "1.1.0",
      "from": "code-point-at@>=1.0.0 <2.0.0",
      "resolved": "https://registry.npmjs.org/code-point-at/-/code-point-at-1.1.0.tgz",
      "dev": true
    },
    "colors": {
      "version": "1.1.2",
      "from": "colors@>=1.1.2 <2.0.0",
      "resolved": "https://registry.npmjs.org/colors/-/colors-1.1.2.tgz",
      "dev": true
    },
    "commitizen": {
      "version": "2.9.6",
      "from": "commitizen@>=2.8.1 <3.0.0",
      "resolved": "https://registry.npmjs.org/commitizen/-/commitizen-2.9.6.tgz",
      "dev": true,
      "dependencies": {
        "cz-conventional-changelog": {
          "version": "1.2.0",
          "from": "cz-conventional-changelog@1.2.0",
          "resolved": "https://registry.npmjs.org/cz-conventional-changelog/-/cz-conventional-changelog-1.2.0.tgz",
          "dev": true
        },
        "lodash": {
          "version": "4.17.2",
          "from": "lodash@4.17.2",
          "resolved": "https://registry.npmjs.org/lodash/-/lodash-4.17.2.tgz",
          "dev": true
        },
        "minimist": {
          "version": "1.2.0",
          "from": "minimist@1.2.0",
          "resolved": "https://registry.npmjs.org/minimist/-/minimist-1.2.0.tgz",
          "dev": true
        }
      }
    },
    "concat-map": {
      "version": "0.0.1",
      "from": "concat-map@0.0.1",
      "resolved": "https://registry.npmjs.org/concat-map/-/concat-map-0.0.1.tgz",
      "dev": true
    },
    "concat-stream": {
      "version": "1.6.0",
      "from": "concat-stream@>=1.4.7 <2.0.0",
      "resolved": "https://registry.npmjs.org/concat-stream/-/concat-stream-1.6.0.tgz",
      "dev": true
    },
    "configstore": {
      "version": "3.0.0",
      "from": "configstore@>=3.0.0 <4.0.0",
      "resolved": "https://registry.npmjs.org/configstore/-/configstore-3.0.0.tgz",
      "dev": true
    },
    "conventional-commit-types": {
      "version": "2.1.0",
      "from": "conventional-commit-types@>=2.0.0 <3.0.0",
      "resolved": "https://registry.npmjs.org/conventional-commit-types/-/conventional-commit-types-2.1.0.tgz",
      "dev": true
    },
    "core-util-is": {
      "version": "1.0.2",
      "from": "core-util-is@>=1.0.0 <1.1.0",
      "resolved": "https://registry.npmjs.org/core-util-is/-/core-util-is-1.0.2.tgz",
      "dev": true
    },
    "create-error-class": {
      "version": "3.0.2",
      "from": "create-error-class@>=3.0.0 <4.0.0",
      "resolved": "https://registry.npmjs.org/create-error-class/-/create-error-class-3.0.2.tgz",
      "dev": true
    },
    "cross-spawn-async": {
      "version": "2.2.5",
      "from": "cross-spawn-async@>=2.1.1 <3.0.0",
      "resolved": "https://registry.npmjs.org/cross-spawn-async/-/cross-spawn-async-2.2.5.tgz",
      "dev": true
    },
    "crypto-random-string": {
      "version": "1.0.0",
      "from": "crypto-random-string@>=1.0.0 <2.0.0",
      "resolved": "https://registry.npmjs.org/crypto-random-string/-/crypto-random-string-1.0.0.tgz",
      "dev": true
    },
    "cz-conventional-changelog": {
      "version": "2.0.0",
      "from": "cz-conventional-changelog@>=2.0.0 <3.0.0",
      "resolved": "https://registry.npmjs.org/cz-conventional-changelog/-/cz-conventional-changelog-2.0.0.tgz",
      "dev": true
    },
    "dedent": {
      "version": "0.6.0",
      "from": "dedent@0.6.0",
      "resolved": "https://registry.npmjs.org/dedent/-/dedent-0.6.0.tgz",
      "dev": true
    },
    "deep-extend": {
      "version": "0.4.1",
      "from": "deep-extend@>=0.4.0 <0.5.0",
      "resolved": "https://registry.npmjs.org/deep-extend/-/deep-extend-0.4.1.tgz",
      "dev": true
    },
    "detect-file": {
      "version": "0.1.0",
      "from": "detect-file@>=0.1.0 <0.2.0",
      "resolved": "https://registry.npmjs.org/detect-file/-/detect-file-0.1.0.tgz",
      "dev": true
    },
    "detect-indent": {
      "version": "4.0.0",
      "from": "detect-indent@4.0.0",
      "resolved": "https://registry.npmjs.org/detect-indent/-/detect-indent-4.0.0.tgz",
      "dev": true
    },
    "diff": {
      "version": "3.2.0",
      "from": "diff@>=3.0.1 <4.0.0",
      "resolved": "https://registry.npmjs.org/diff/-/diff-3.2.0.tgz",
      "dev": true
    },
    "dot-prop": {
      "version": "4.1.1",
      "from": "dot-prop@>=4.1.0 <5.0.0",
      "resolved": "https://registry.npmjs.org/dot-prop/-/dot-prop-4.1.1.tgz",
      "dev": true
    },
    "duplexer3": {
      "version": "0.1.4",
      "from": "duplexer3@>=0.1.4 <0.2.0",
      "resolved": "https://registry.npmjs.org/duplexer3/-/duplexer3-0.1.4.tgz",
      "dev": true
    },
    "escape-string-regexp": {
      "version": "1.0.5",
      "from": "escape-string-regexp@>=1.0.2 <2.0.0",
      "resolved": "https://registry.npmjs.org/escape-string-regexp/-/escape-string-regexp-1.0.5.tgz",
      "dev": true
    },
    "esutils": {
      "version": "2.0.2",
      "from": "esutils@>=2.0.2 <3.0.0",
      "resolved": "https://registry.npmjs.org/esutils/-/esutils-2.0.2.tgz",
      "dev": true
    },
    "execa": {
      "version": "0.4.0",
      "from": "execa@>=0.4.0 <0.5.0",
      "resolved": "https://registry.npmjs.org/execa/-/execa-0.4.0.tgz",
      "dev": true
    },
    "exit": {
      "version": "0.1.2",
      "from": "exit@>=0.1.2 <0.2.0",
      "resolved": "https://registry.npmjs.org/exit/-/exit-0.1.2.tgz",
      "dev": true
    },
    "exit-hook": {
      "version": "1.1.1",
      "from": "exit-hook@>=1.0.0 <2.0.0",
      "resolved": "https://registry.npmjs.org/exit-hook/-/exit-hook-1.1.1.tgz",
      "dev": true
    },
    "expand-brackets": {
      "version": "0.1.5",
      "from": "expand-brackets@>=0.1.4 <0.2.0",
      "resolved": "https://registry.npmjs.org/expand-brackets/-/expand-brackets-0.1.5.tgz",
      "dev": true
    },
    "expand-range": {
      "version": "1.8.2",
      "from": "expand-range@>=1.8.1 <2.0.0",
      "resolved": "https://registry.npmjs.org/expand-range/-/expand-range-1.8.2.tgz",
      "dev": true
    },
    "expand-tilde": {
      "version": "1.2.2",
      "from": "expand-tilde@>=1.2.2 <2.0.0",
      "resolved": "https://registry.npmjs.org/expand-tilde/-/expand-tilde-1.2.2.tgz",
      "dev": true
    },
    "extend": {
      "version": "3.0.0",
      "from": "extend@>=3.0.0 <4.0.0",
      "resolved": "https://registry.npmjs.org/extend/-/extend-3.0.0.tgz",
      "dev": true
    },
    "external-editor": {
      "version": "1.1.1",
      "from": "external-editor@>=1.1.0 <2.0.0",
      "resolved": "https://registry.npmjs.org/external-editor/-/external-editor-1.1.1.tgz",
      "dev": true
    },
    "extglob": {
      "version": "0.3.2",
      "from": "extglob@>=0.3.1 <0.4.0",
      "resolved": "https://registry.npmjs.org/extglob/-/extglob-0.3.2.tgz",
      "dev": true
    },
    "figures": {
      "version": "1.7.0",
      "from": "figures@>=1.3.5 <2.0.0",
      "resolved": "https://registry.npmjs.org/figures/-/figures-1.7.0.tgz",
      "dev": true
    },
    "filename-regex": {
      "version": "2.0.0",
      "from": "filename-regex@>=2.0.0 <3.0.0",
      "resolved": "https://registry.npmjs.org/filename-regex/-/filename-regex-2.0.0.tgz",
      "dev": true
    },
    "fill-range": {
      "version": "2.2.3",
      "from": "fill-range@>=2.1.0 <3.0.0",
      "resolved": "https://registry.npmjs.org/fill-range/-/fill-range-2.2.3.tgz",
      "dev": true
    },
    "find-node-modules": {
      "version": "1.0.4",
      "from": "find-node-modules@1.0.4",
      "resolved": "https://registry.npmjs.org/find-node-modules/-/find-node-modules-1.0.4.tgz",
      "dev": true,
      "dependencies": {
        "findup-sync": {
          "version": "0.4.2",
          "from": "findup-sync@0.4.2",
          "resolved": "https://registry.npmjs.org/findup-sync/-/findup-sync-0.4.2.tgz",
          "dev": true
        }
      }
    },
    "find-root": {
      "version": "1.0.0",
      "from": "find-root@1.0.0",
      "resolved": "https://registry.npmjs.org/find-root/-/find-root-1.0.0.tgz",
      "dev": true
    },
    "findup-sync": {
      "version": "0.3.0",
      "from": "findup-sync@>=0.3.0 <0.4.0",
      "resolved": "https://registry.npmjs.org/findup-sync/-/findup-sync-0.3.0.tgz",
      "dev": true,
      "dependencies": {
        "glob": {
          "version": "5.0.15",
          "from": "glob@>=5.0.0 <5.1.0",
          "resolved": "https://registry.npmjs.org/glob/-/glob-5.0.15.tgz",
          "dev": true
        }
      }
    },
    "for-in": {
      "version": "1.0.2",
      "from": "for-in@>=1.0.1 <2.0.0",
      "resolved": "https://registry.npmjs.org/for-in/-/for-in-1.0.2.tgz",
      "dev": true
    },
    "for-own": {
      "version": "0.1.5",
      "from": "for-own@>=0.1.4 <0.2.0",
      "resolved": "https://registry.npmjs.org/for-own/-/for-own-0.1.5.tgz",
      "dev": true
    },
    "fs-exists-sync": {
      "version": "0.1.0",
      "from": "fs-exists-sync@>=0.1.0 <0.2.0",
      "resolved": "https://registry.npmjs.org/fs-exists-sync/-/fs-exists-sync-0.1.0.tgz",
      "dev": true
    },
    "fs-extra": {
      "version": "1.0.0",
      "from": "fs-extra@>=1.0.0 <2.0.0",
      "resolved": "https://registry.npmjs.org/fs-extra/-/fs-extra-1.0.0.tgz",
      "dev": true
    },
    "fs.realpath": {
      "version": "1.0.0",
      "from": "fs.realpath@>=1.0.0 <2.0.0",
      "resolved": "https://registry.npmjs.org/fs.realpath/-/fs.realpath-1.0.0.tgz",
      "dev": true
    },
    "get-stream": {
      "version": "3.0.0",
      "from": "get-stream@>=3.0.0 <4.0.0",
      "resolved": "https://registry.npmjs.org/get-stream/-/get-stream-3.0.0.tgz",
      "dev": true
    },
    "glob": {
      "version": "7.1.1",
      "from": "glob@>=7.0.6 <8.0.0",
      "resolved": "https://registry.npmjs.org/glob/-/glob-7.1.1.tgz",
      "dev": true
    },
    "glob-base": {
      "version": "0.3.0",
      "from": "glob-base@>=0.3.0 <0.4.0",
      "resolved": "https://registry.npmjs.org/glob-base/-/glob-base-0.3.0.tgz",
      "dev": true
    },
    "glob-parent": {
      "version": "2.0.0",
      "from": "glob-parent@>=2.0.0 <3.0.0",
      "resolved": "https://registry.npmjs.org/glob-parent/-/glob-parent-2.0.0.tgz",
      "dev": true
    },
    "global-modules": {
      "version": "0.2.3",
      "from": "global-modules@>=0.2.3 <0.3.0",
      "resolved": "https://registry.npmjs.org/global-modules/-/global-modules-0.2.3.tgz",
      "dev": true
    },
    "global-prefix": {
      "version": "0.1.5",
      "from": "global-prefix@>=0.1.4 <0.2.0",
      "resolved": "https://registry.npmjs.org/global-prefix/-/global-prefix-0.1.5.tgz",
      "dev": true
    },
    "got": {
      "version": "6.7.1",
      "from": "got@>=6.7.1 <7.0.0",
      "resolved": "https://registry.npmjs.org/got/-/got-6.7.1.tgz",
      "dev": true
    },
    "graceful-fs": {
      "version": "4.1.11",
      "from": "graceful-fs@>=4.1.2 <5.0.0",
      "resolved": "https://registry.npmjs.org/graceful-fs/-/graceful-fs-4.1.11.tgz",
      "dev": true
    },
    "has-ansi": {
      "version": "2.0.0",
      "from": "has-ansi@>=2.0.0 <3.0.0",
      "resolved": "https://registry.npmjs.org/has-ansi/-/has-ansi-2.0.0.tgz",
      "dev": true
    },
    "homedir-polyfill": {
      "version": "1.0.1",
      "from": "homedir-polyfill@>=1.0.0 <2.0.0",
      "resolved": "https://registry.npmjs.org/homedir-polyfill/-/homedir-polyfill-1.0.1.tgz",
      "dev": true
    },
    "imurmurhash": {
      "version": "0.1.4",
      "from": "imurmurhash@>=0.1.4 <0.2.0",
      "resolved": "https://registry.npmjs.org/imurmurhash/-/imurmurhash-0.1.4.tgz",
      "dev": true
    },
    "inflight": {
      "version": "1.0.6",
      "from": "inflight@>=1.0.4 <2.0.0",
      "resolved": "https://registry.npmjs.org/inflight/-/inflight-1.0.6.tgz",
      "dev": true
    },
    "inherits": {
      "version": "2.0.3",
      "from": "inherits@>=2.0.0 <3.0.0",
      "resolved": "https://registry.npmjs.org/inherits/-/inherits-2.0.3.tgz",
      "dev": true
    },
    "ini": {
      "version": "1.3.4",
      "from": "ini@>=1.3.0 <1.4.0",
      "resolved": "https://registry.npmjs.org/ini/-/ini-1.3.4.tgz",
      "dev": true
    },
    "inquirer": {
      "version": "1.2.3",
      "from": "inquirer@1.2.3",
      "resolved": "https://registry.npmjs.org/inquirer/-/inquirer-1.2.3.tgz",
      "dev": true,
      "dependencies": {
        "string-width": {
          "version": "1.0.2",
          "from": "string-width@>=1.0.1 <2.0.0",
          "resolved": "https://registry.npmjs.org/string-width/-/string-width-1.0.2.tgz",
          "dev": true
        }
      }
    },
    "interpret": {
      "version": "1.0.2",
      "from": "interpret@>=1.0.0 <2.0.0",
      "resolved": "https://registry.npmjs.org/interpret/-/interpret-1.0.2.tgz",
      "dev": true
    },
    "is-buffer": {
      "version": "1.1.5",
      "from": "is-buffer@>=1.0.2 <2.0.0",
      "resolved": "https://registry.npmjs.org/is-buffer/-/is-buffer-1.1.5.tgz",
      "dev": true
    },
    "is-dotfile": {
      "version": "1.0.2",
      "from": "is-dotfile@>=1.0.0 <2.0.0",
      "resolved": "https://registry.npmjs.org/is-dotfile/-/is-dotfile-1.0.2.tgz",
      "dev": true
    },
    "is-equal-shallow": {
      "version": "0.1.3",
      "from": "is-equal-shallow@>=0.1.3 <0.2.0",
      "resolved": "https://registry.npmjs.org/is-equal-shallow/-/is-equal-shallow-0.1.3.tgz",
      "dev": true
    },
    "is-extendable": {
      "version": "0.1.1",
      "from": "is-extendable@>=0.1.1 <0.2.0",
      "resolved": "https://registry.npmjs.org/is-extendable/-/is-extendable-0.1.1.tgz",
      "dev": true
    },
    "is-extglob": {
      "version": "1.0.0",
      "from": "is-extglob@>=1.0.0 <2.0.0",
      "resolved": "https://registry.npmjs.org/is-extglob/-/is-extglob-1.0.0.tgz",
      "dev": true
    },
    "is-finite": {
      "version": "1.0.2",
      "from": "is-finite@>=1.0.0 <2.0.0",
      "resolved": "https://registry.npmjs.org/is-finite/-/is-finite-1.0.2.tgz",
      "dev": true
    },
    "is-fullwidth-code-point": {
      "version": "1.0.0",
      "from": "is-fullwidth-code-point@>=1.0.0 <2.0.0",
      "resolved": "https://registry.npmjs.org/is-fullwidth-code-point/-/is-fullwidth-code-point-1.0.0.tgz",
      "dev": true
    },
    "is-glob": {
      "version": "2.0.1",
      "from": "is-glob@>=2.0.1 <3.0.0",
      "resolved": "https://registry.npmjs.org/is-glob/-/is-glob-2.0.1.tgz",
      "dev": true
    },
    "is-npm": {
      "version": "1.0.0",
      "from": "is-npm@>=1.0.0 <2.0.0",
      "resolved": "https://registry.npmjs.org/is-npm/-/is-npm-1.0.0.tgz",
      "dev": true
    },
    "is-number": {
      "version": "2.1.0",
      "from": "is-number@>=2.1.0 <3.0.0",
      "resolved": "https://registry.npmjs.org/is-number/-/is-number-2.1.0.tgz",
      "dev": true
    },
    "is-obj": {
      "version": "1.0.1",
      "from": "is-obj@>=1.0.0 <2.0.0",
      "resolved": "https://registry.npmjs.org/is-obj/-/is-obj-1.0.1.tgz",
      "dev": true
    },
    "is-posix-bracket": {
      "version": "0.1.1",
      "from": "is-posix-bracket@>=0.1.0 <0.2.0",
      "resolved": "https://registry.npmjs.org/is-posix-bracket/-/is-posix-bracket-0.1.1.tgz",
      "dev": true
    },
    "is-primitive": {
      "version": "2.0.0",
      "from": "is-primitive@>=2.0.0 <3.0.0",
      "resolved": "https://registry.npmjs.org/is-primitive/-/is-primitive-2.0.0.tgz",
      "dev": true
    },
    "is-promise": {
      "version": "2.1.0",
      "from": "is-promise@>=2.1.0 <3.0.0",
      "resolved": "https://registry.npmjs.org/is-promise/-/is-promise-2.1.0.tgz",
      "dev": true
    },
    "is-redirect": {
      "version": "1.0.0",
      "from": "is-redirect@>=1.0.0 <2.0.0",
      "resolved": "https://registry.npmjs.org/is-redirect/-/is-redirect-1.0.0.tgz",
      "dev": true
    },
    "is-retry-allowed": {
      "version": "1.1.0",
      "from": "is-retry-allowed@>=1.0.0 <2.0.0",
      "resolved": "https://registry.npmjs.org/is-retry-allowed/-/is-retry-allowed-1.1.0.tgz",
      "dev": true
    },
    "is-stream": {
      "version": "1.1.0",
      "from": "is-stream@>=1.1.0 <2.0.0",
      "resolved": "https://registry.npmjs.org/is-stream/-/is-stream-1.1.0.tgz",
      "dev": true
    },
    "is-windows": {
      "version": "0.2.0",
      "from": "is-windows@>=0.2.0 <0.3.0",
      "resolved": "https://registry.npmjs.org/is-windows/-/is-windows-0.2.0.tgz",
      "dev": true
    },
    "isarray": {
      "version": "1.0.0",
      "from": "isarray@1.0.0",
      "resolved": "https://registry.npmjs.org/isarray/-/isarray-1.0.0.tgz",
      "dev": true
    },
    "isexe": {
      "version": "2.0.0",
      "from": "isexe@>=2.0.0 <3.0.0",
      "resolved": "https://registry.npmjs.org/isexe/-/isexe-2.0.0.tgz",
      "dev": true
    },
    "isobject": {
      "version": "2.1.0",
      "from": "isobject@>=2.0.0 <3.0.0",
      "resolved": "https://registry.npmjs.org/isobject/-/isobject-2.1.0.tgz",
      "dev": true
    },
    "jasmine": {
      "version": "2.5.3",
      "from": "jasmine@latest",
      "resolved": "https://registry.npmjs.org/jasmine/-/jasmine-2.5.3.tgz",
      "dev": true
    },
    "jasmine-core": {
      "version": "2.5.2",
      "from": "jasmine-core@latest",
      "resolved": "https://registry.npmjs.org/jasmine-core/-/jasmine-core-2.5.2.tgz",
      "dev": true
    },
    "js-tokens": {
      "version": "3.0.1",
      "from": "js-tokens@>=3.0.0 <4.0.0",
      "resolved": "https://registry.npmjs.org/js-tokens/-/js-tokens-3.0.1.tgz",
      "dev": true
    },
    "jsonfile": {
      "version": "2.4.0",
      "from": "jsonfile@>=2.1.0 <3.0.0",
      "resolved": "https://registry.npmjs.org/jsonfile/-/jsonfile-2.4.0.tgz",
      "dev": true
    },
    "kind-of": {
      "version": "3.1.0",
      "from": "kind-of@>=3.0.2 <4.0.0",
      "resolved": "https://registry.npmjs.org/kind-of/-/kind-of-3.1.0.tgz",
      "dev": true
    },
    "klaw": {
      "version": "1.3.1",
      "from": "klaw@>=1.0.0 <2.0.0",
      "resolved": "https://registry.npmjs.org/klaw/-/klaw-1.3.1.tgz",
      "dev": true
    },
    "latest-version": {
      "version": "3.1.0",
      "from": "latest-version@>=3.0.0 <4.0.0",
      "resolved": "https://registry.npmjs.org/latest-version/-/latest-version-3.1.0.tgz",
      "dev": true
    },
    "lazy-req": {
      "version": "2.0.0",
      "from": "lazy-req@>=2.0.0 <3.0.0",
      "resolved": "https://registry.npmjs.org/lazy-req/-/lazy-req-2.0.0.tgz",
      "dev": true
    },
    "lodash": {
      "version": "4.17.4",
      "from": "lodash@>=4.17.4 <5.0.0",
      "resolved": "https://registry.npmjs.org/lodash/-/lodash-4.17.4.tgz"
    },
    "lodash.map": {
      "version": "4.6.0",
      "from": "lodash.map@>=4.5.1 <5.0.0",
      "resolved": "https://registry.npmjs.org/lodash.map/-/lodash.map-4.6.0.tgz",
      "dev": true
    },
    "longest": {
      "version": "1.0.1",
      "from": "longest@>=1.0.1 <2.0.0",
      "resolved": "https://registry.npmjs.org/longest/-/longest-1.0.1.tgz",
      "dev": true
    },
    "lowercase-keys": {
      "version": "1.0.0",
      "from": "lowercase-keys@>=1.0.0 <2.0.0",
      "resolved": "https://registry.npmjs.org/lowercase-keys/-/lowercase-keys-1.0.0.tgz",
      "dev": true
    },
    "lru-cache": {
      "version": "4.0.2",
      "from": "lru-cache@>=4.0.0 <5.0.0",
      "resolved": "https://registry.npmjs.org/lru-cache/-/lru-cache-4.0.2.tgz",
      "dev": true
    },
    "merge": {
      "version": "1.2.0",
      "from": "merge@>=1.2.0 <2.0.0",
      "resolved": "https://registry.npmjs.org/merge/-/merge-1.2.0.tgz",
      "dev": true
    },
    "micromatch": {
      "version": "2.3.11",
      "from": "micromatch@>=2.3.7 <3.0.0",
      "resolved": "https://registry.npmjs.org/micromatch/-/micromatch-2.3.11.tgz",
      "dev": true
    },
    "minimatch": {
      "version": "3.0.3",
      "from": "minimatch@>=3.0.2 <4.0.0",
      "resolved": "https://registry.npmjs.org/minimatch/-/minimatch-3.0.3.tgz",
      "dev": true
    },
    "minimist": {
      "version": "0.0.10",
      "from": "minimist@>=0.0.1 <0.1.0",
      "resolved": "https://registry.npmjs.org/minimist/-/minimist-0.0.10.tgz",
      "dev": true
    },
    "mkdirp": {
      "version": "0.5.1",
      "from": "mkdirp@>=0.5.0 <0.6.0",
      "resolved": "https://registry.npmjs.org/mkdirp/-/mkdirp-0.5.1.tgz",
      "dev": true,
      "dependencies": {
        "minimist": {
          "version": "0.0.8",
          "from": "minimist@0.0.8",
          "resolved": "https://registry.npmjs.org/minimist/-/minimist-0.0.8.tgz",
          "dev": true
        }
      }
    },
    "mute-stream": {
      "version": "0.0.6",
      "from": "mute-stream@0.0.6",
      "resolved": "https://registry.npmjs.org/mute-stream/-/mute-stream-0.0.6.tgz",
      "dev": true
    },
    "normalize-path": {
      "version": "2.1.1",
      "from": "normalize-path@>=2.0.1 <3.0.0",
      "resolved": "https://registry.npmjs.org/normalize-path/-/normalize-path-2.1.1.tgz",
      "dev": true
    },
    "npm-run-path": {
      "version": "1.0.0",
      "from": "npm-run-path@>=1.0.0 <2.0.0",
      "resolved": "https://registry.npmjs.org/npm-run-path/-/npm-run-path-1.0.0.tgz",
      "dev": true
    },
    "number-is-nan": {
      "version": "1.0.1",
      "from": "number-is-nan@>=1.0.0 <2.0.0",
      "resolved": "https://registry.npmjs.org/number-is-nan/-/number-is-nan-1.0.1.tgz",
      "dev": true
    },
    "object-assign": {
      "version": "4.1.1",
      "from": "object-assign@>=4.0.1 <5.0.0",
      "resolved": "https://registry.npmjs.org/object-assign/-/object-assign-4.1.1.tgz",
      "dev": true
    },
    "object.omit": {
      "version": "2.0.1",
      "from": "object.omit@>=2.0.0 <3.0.0",
      "resolved": "https://registry.npmjs.org/object.omit/-/object.omit-2.0.1.tgz",
      "dev": true
    },
    "once": {
      "version": "1.4.0",
      "from": "once@>=1.3.0 <2.0.0",
      "resolved": "https://registry.npmjs.org/once/-/once-1.4.0.tgz",
      "dev": true
    },
    "onetime": {
      "version": "1.1.0",
      "from": "onetime@>=1.0.0 <2.0.0",
      "resolved": "https://registry.npmjs.org/onetime/-/onetime-1.1.0.tgz",
      "dev": true
    },
    "optimist": {
      "version": "0.6.1",
      "from": "optimist@>=0.6.0 <0.7.0",
      "resolved": "https://registry.npmjs.org/optimist/-/optimist-0.6.1.tgz",
      "dev": true
    },
    "os-homedir": {
      "version": "1.0.2",
      "from": "os-homedir@>=1.0.1 <2.0.0",
      "resolved": "https://registry.npmjs.org/os-homedir/-/os-homedir-1.0.2.tgz",
      "dev": true
    },
    "os-shim": {
      "version": "0.1.3",
      "from": "os-shim@>=0.1.2 <0.2.0",
      "resolved": "https://registry.npmjs.org/os-shim/-/os-shim-0.1.3.tgz",
      "dev": true
    },
    "os-tmpdir": {
      "version": "1.0.2",
      "from": "os-tmpdir@>=1.0.1 <1.1.0",
      "resolved": "https://registry.npmjs.org/os-tmpdir/-/os-tmpdir-1.0.2.tgz",
      "dev": true
    },
    "package-json": {
      "version": "4.0.0",
      "from": "package-json@>=4.0.0 <5.0.0",
      "resolved": "https://registry.npmjs.org/package-json/-/package-json-4.0.0.tgz",
      "dev": true
    },
    "pad-right": {
      "version": "0.2.2",
      "from": "pad-right@>=0.2.2 <0.3.0",
      "resolved": "https://registry.npmjs.org/pad-right/-/pad-right-0.2.2.tgz",
      "dev": true
    },
    "parse-glob": {
      "version": "3.0.4",
      "from": "parse-glob@>=3.0.4 <4.0.0",
      "resolved": "https://registry.npmjs.org/parse-glob/-/parse-glob-3.0.4.tgz",
      "dev": true
    },
    "parse-passwd": {
      "version": "1.0.0",
      "from": "parse-passwd@>=1.0.0 <2.0.0",
      "resolved": "https://registry.npmjs.org/parse-passwd/-/parse-passwd-1.0.0.tgz",
      "dev": true
    },
    "path-exists": {
      "version": "2.1.0",
      "from": "path-exists@2.1.0",
      "resolved": "https://registry.npmjs.org/path-exists/-/path-exists-2.1.0.tgz",
      "dev": true
    },
    "path-is-absolute": {
      "version": "1.0.1",
      "from": "path-is-absolute@>=1.0.0 <2.0.0",
      "resolved": "https://registry.npmjs.org/path-is-absolute/-/path-is-absolute-1.0.1.tgz",
      "dev": true
    },
    "path-key": {
      "version": "1.0.0",
      "from": "path-key@>=1.0.0 <2.0.0",
      "resolved": "https://registry.npmjs.org/path-key/-/path-key-1.0.0.tgz",
      "dev": true
    },
    "path-parse": {
      "version": "1.0.5",
      "from": "path-parse@>=1.0.5 <2.0.0",
      "resolved": "https://registry.npmjs.org/path-parse/-/path-parse-1.0.5.tgz",
      "dev": true
    },
    "pinkie": {
      "version": "2.0.4",
      "from": "pinkie@>=2.0.0 <3.0.0",
      "resolved": "https://registry.npmjs.org/pinkie/-/pinkie-2.0.4.tgz",
      "dev": true
    },
    "pinkie-promise": {
      "version": "2.0.1",
      "from": "pinkie-promise@>=2.0.0 <3.0.0",
      "resolved": "https://registry.npmjs.org/pinkie-promise/-/pinkie-promise-2.0.1.tgz",
      "dev": true
    },
    "prepend-http": {
      "version": "1.0.4",
      "from": "prepend-http@>=1.0.1 <2.0.0",
      "resolved": "https://registry.npmjs.org/prepend-http/-/prepend-http-1.0.4.tgz",
      "dev": true
    },
    "preserve": {
      "version": "0.2.0",
      "from": "preserve@>=0.2.0 <0.3.0",
      "resolved": "https://registry.npmjs.org/preserve/-/preserve-0.2.0.tgz",
      "dev": true
    },
    "process-nextick-args": {
      "version": "1.0.7",
      "from": "process-nextick-args@>=1.0.6 <1.1.0",
      "resolved": "https://registry.npmjs.org/process-nextick-args/-/process-nextick-args-1.0.7.tgz",
      "dev": true
    },
    "pseudomap": {
      "version": "1.0.2",
      "from": "pseudomap@>=1.0.1 <2.0.0",
      "resolved": "https://registry.npmjs.org/pseudomap/-/pseudomap-1.0.2.tgz",
      "dev": true
    },
    "randomatic": {
      "version": "1.1.6",
      "from": "randomatic@>=1.1.3 <2.0.0",
      "resolved": "https://registry.npmjs.org/randomatic/-/randomatic-1.1.6.tgz",
      "dev": true
    },
    "rc": {
      "version": "1.1.7",
      "from": "rc@>=1.1.6 <2.0.0",
      "resolved": "https://registry.npmjs.org/rc/-/rc-1.1.7.tgz",
      "dev": true,
      "dependencies": {
        "minimist": {
          "version": "1.2.0",
          "from": "minimist@>=1.2.0 <2.0.0",
          "resolved": "https://registry.npmjs.org/minimist/-/minimist-1.2.0.tgz",
          "dev": true
        }
      }
    },
    "readable-stream": {
      "version": "2.2.9",
      "from": "readable-stream@>=2.2.2 <3.0.0",
      "resolved": "https://registry.npmjs.org/readable-stream/-/readable-stream-2.2.9.tgz",
      "dev": true
    },
    "rechoir": {
      "version": "0.6.2",
      "from": "rechoir@>=0.6.2 <0.7.0",
      "resolved": "https://registry.npmjs.org/rechoir/-/rechoir-0.6.2.tgz",
      "dev": true
    },
    "regex-cache": {
      "version": "0.4.3",
      "from": "regex-cache@>=0.4.2 <0.5.0",
      "resolved": "https://registry.npmjs.org/regex-cache/-/regex-cache-0.4.3.tgz",
      "dev": true
    },
    "registry-auth-token": {
      "version": "3.1.0",
      "from": "registry-auth-token@>=3.0.1 <4.0.0",
      "resolved": "https://registry.npmjs.org/registry-auth-token/-/registry-auth-token-3.1.0.tgz",
      "dev": true
    },
    "registry-url": {
      "version": "3.1.0",
      "from": "registry-url@>=3.0.3 <4.0.0",
      "resolved": "https://registry.npmjs.org/registry-url/-/registry-url-3.1.0.tgz",
      "dev": true
    },
    "remove-trailing-separator": {
      "version": "1.0.1",
      "from": "remove-trailing-separator@>=1.0.1 <2.0.0",
      "resolved": "https://registry.npmjs.org/remove-trailing-separator/-/remove-trailing-separator-1.0.1.tgz",
      "dev": true
    },
    "repeat-element": {
      "version": "1.1.2",
      "from": "repeat-element@>=1.1.2 <2.0.0",
      "resolved": "https://registry.npmjs.org/repeat-element/-/repeat-element-1.1.2.tgz",
      "dev": true
    },
    "repeat-string": {
      "version": "1.6.1",
      "from": "repeat-string@>=1.5.2 <2.0.0",
      "resolved": "https://registry.npmjs.org/repeat-string/-/repeat-string-1.6.1.tgz",
      "dev": true
    },
    "repeating": {
      "version": "2.0.1",
      "from": "repeating@>=2.0.0 <3.0.0",
      "resolved": "https://registry.npmjs.org/repeating/-/repeating-2.0.1.tgz",
      "dev": true
    },
    "resolve": {
      "version": "1.3.2",
      "from": "resolve@>=1.1.7 <2.0.0",
      "resolved": "https://registry.npmjs.org/resolve/-/resolve-1.3.2.tgz",
      "dev": true
    },
    "resolve-dir": {
      "version": "0.1.1",
      "from": "resolve-dir@>=0.1.0 <0.2.0",
      "resolved": "https://registry.npmjs.org/resolve-dir/-/resolve-dir-0.1.1.tgz",
      "dev": true
    },
    "restore-cursor": {
      "version": "1.0.1",
      "from": "restore-cursor@>=1.0.1 <2.0.0",
      "resolved": "https://registry.npmjs.org/restore-cursor/-/restore-cursor-1.0.1.tgz",
      "dev": true
    },
    "right-pad": {
      "version": "1.0.1",
      "from": "right-pad@>=1.0.1 <2.0.0",
      "resolved": "https://registry.npmjs.org/right-pad/-/right-pad-1.0.1.tgz",
      "dev": true
    },
    "rimraf": {
      "version": "2.6.1",
      "from": "rimraf@>=2.5.4 <3.0.0",
      "resolved": "https://registry.npmjs.org/rimraf/-/rimraf-2.6.1.tgz",
      "dev": true
    },
    "run-async": {
      "version": "2.3.0",
      "from": "run-async@>=2.2.0 <3.0.0",
      "resolved": "https://registry.npmjs.org/run-async/-/run-async-2.3.0.tgz",
      "dev": true
    },
    "rx": {
      "version": "4.1.0",
      "from": "rx@>=4.1.0 <5.0.0",
      "resolved": "https://registry.npmjs.org/rx/-/rx-4.1.0.tgz",
      "dev": true
    },
    "safe-buffer": {
      "version": "5.0.1",
      "from": "safe-buffer@>=5.0.1 <6.0.0",
      "resolved": "https://registry.npmjs.org/safe-buffer/-/safe-buffer-5.0.1.tgz",
      "dev": true
    },
    "semver": {
      "version": "5.3.0",
      "from": "semver@>=5.1.0 <6.0.0",
      "resolved": "https://registry.npmjs.org/semver/-/semver-5.3.0.tgz",
      "dev": true
    },
    "semver-diff": {
      "version": "2.1.0",
      "from": "semver-diff@>=2.0.0 <3.0.0",
      "resolved": "https://registry.npmjs.org/semver-diff/-/semver-diff-2.1.0.tgz",
      "dev": true
    },
    "shelljs": {
      "version": "0.7.6",
      "from": "shelljs@0.7.6",
      "resolved": "https://registry.npmjs.org/shelljs/-/shelljs-0.7.6.tgz",
      "dev": true
    },
    "slide": {
      "version": "1.1.6",
      "from": "slide@>=1.1.5 <2.0.0",
      "resolved": "https://registry.npmjs.org/slide/-/slide-1.1.6.tgz",
      "dev": true
    },
    "spawn-sync": {
      "version": "1.0.15",
      "from": "spawn-sync@>=1.0.15 <2.0.0",
      "resolved": "https://registry.npmjs.org/spawn-sync/-/spawn-sync-1.0.15.tgz",
      "dev": true
    },
    "string_decoder": {
      "version": "1.0.0",
      "from": "string_decoder@>=1.0.0 <1.1.0",
      "resolved": "https://registry.npmjs.org/string_decoder/-/string_decoder-1.0.0.tgz",
      "dev": true
    },
    "string-width": {
      "version": "2.0.0",
      "from": "string-width@>=2.0.0 <3.0.0",
      "resolved": "https://registry.npmjs.org/string-width/-/string-width-2.0.0.tgz",
      "dev": true,
      "dependencies": {
        "is-fullwidth-code-point": {
          "version": "2.0.0",
          "from": "is-fullwidth-code-point@>=2.0.0 <3.0.0",
          "resolved": "https://registry.npmjs.org/is-fullwidth-code-point/-/is-fullwidth-code-point-2.0.0.tgz",
          "dev": true
        }
      }
    },
    "strip-ansi": {
      "version": "3.0.1",
      "from": "strip-ansi@>=3.0.0 <4.0.0",
      "resolved": "https://registry.npmjs.org/strip-ansi/-/strip-ansi-3.0.1.tgz",
      "dev": true
    },
    "strip-eof": {
      "version": "1.0.0",
      "from": "strip-eof@>=1.0.0 <2.0.0",
      "resolved": "https://registry.npmjs.org/strip-eof/-/strip-eof-1.0.0.tgz",
      "dev": true
    },
    "strip-json-comments": {
      "version": "2.0.1",
      "from": "strip-json-comments@>=2.0.1 <2.1.0",
      "resolved": "https://registry.npmjs.org/strip-json-comments/-/strip-json-comments-2.0.1.tgz",
      "dev": true
    },
    "supports-color": {
      "version": "2.0.0",
      "from": "supports-color@>=2.0.0 <3.0.0",
      "resolved": "https://registry.npmjs.org/supports-color/-/supports-color-2.0.0.tgz",
      "dev": true
    },
    "term-size": {
      "version": "0.1.1",
      "from": "term-size@>=0.1.0 <0.2.0",
      "resolved": "https://registry.npmjs.org/term-size/-/term-size-0.1.1.tgz",
      "dev": true
    },
    "through": {
      "version": "2.3.8",
      "from": "through@>=2.3.6 <3.0.0",
      "resolved": "https://registry.npmjs.org/through/-/through-2.3.8.tgz",
      "dev": true
    },
    "timed-out": {
      "version": "4.0.1",
      "from": "timed-out@>=4.0.0 <5.0.0",
      "resolved": "https://registry.npmjs.org/timed-out/-/timed-out-4.0.1.tgz",
      "dev": true
    },
    "tmp": {
      "version": "0.0.29",
      "from": "tmp@>=0.0.29 <0.0.30",
      "resolved": "https://registry.npmjs.org/tmp/-/tmp-0.0.29.tgz",
      "dev": true
    },
    "tslint": {
      "version": "4.5.1",
      "from": "tslint@latest",
      "resolved": "https://registry.npmjs.org/tslint/-/tslint-4.5.1.tgz",
      "dev": true
    },
    "tsutils": {
      "version": "1.4.0",
      "from": "tsutils@>=1.1.0 <2.0.0",
      "resolved": "https://registry.npmjs.org/tsutils/-/tsutils-1.4.0.tgz",
      "dev": true
    },
    "typedarray": {
      "version": "0.0.6",
      "from": "typedarray@>=0.0.6 <0.0.7",
      "resolved": "https://registry.npmjs.org/typedarray/-/typedarray-0.0.6.tgz",
      "dev": true
    },
    "typescript": {
      "version": "2.2.1",
      "from": "typescript@>=2.2.1 <2.3.0",
      "resolved": "https://registry.npmjs.org/typescript/-/typescript-2.2.1.tgz",
      "dev": true
    },
    "unique-string": {
      "version": "1.0.0",
      "from": "unique-string@>=1.0.0 <2.0.0",
      "resolved": "https://registry.npmjs.org/unique-string/-/unique-string-1.0.0.tgz",
      "dev": true
    },
    "unzip-response": {
      "version": "2.0.1",
      "from": "unzip-response@>=2.0.1 <3.0.0",
      "resolved": "https://registry.npmjs.org/unzip-response/-/unzip-response-2.0.1.tgz",
      "dev": true
    },
    "update-notifier": {
      "version": "2.1.0",
      "from": "update-notifier@>=2.0.0 <3.0.0",
      "resolved": "https://registry.npmjs.org/update-notifier/-/update-notifier-2.1.0.tgz",
      "dev": true
    },
    "url-parse-lax": {
      "version": "1.0.0",
      "from": "url-parse-lax@>=1.0.0 <2.0.0",
      "resolved": "https://registry.npmjs.org/url-parse-lax/-/url-parse-lax-1.0.0.tgz",
      "dev": true
    },
    "util-deprecate": {
      "version": "1.0.2",
      "from": "util-deprecate@>=1.0.1 <1.1.0",
      "resolved": "https://registry.npmjs.org/util-deprecate/-/util-deprecate-1.0.2.tgz",
      "dev": true
    },
    "which": {
      "version": "1.2.14",
      "from": "which@>=1.2.8 <2.0.0",
      "resolved": "https://registry.npmjs.org/which/-/which-1.2.14.tgz",
      "dev": true
    },
    "widest-line": {
      "version": "1.0.0",
      "from": "widest-line@>=1.0.0 <2.0.0",
      "resolved": "https://registry.npmjs.org/widest-line/-/widest-line-1.0.0.tgz",
      "dev": true,
      "dependencies": {
        "string-width": {
          "version": "1.0.2",
          "from": "string-width@>=1.0.1 <2.0.0",
          "resolved": "https://registry.npmjs.org/string-width/-/string-width-1.0.2.tgz",
          "dev": true
        }
      }
    },
    "word-wrap": {
      "version": "1.2.1",
      "from": "word-wrap@>=1.0.3 <2.0.0",
      "resolved": "https://registry.npmjs.org/word-wrap/-/word-wrap-1.2.1.tgz",
      "dev": true
    },
    "wordwrap": {
      "version": "0.0.3",
      "from": "wordwrap@>=0.0.2 <0.1.0",
      "resolved": "https://registry.npmjs.org/wordwrap/-/wordwrap-0.0.3.tgz",
      "dev": true
    },
    "wrappy": {
      "version": "1.0.2",
      "from": "wrappy@>=1.0.0 <2.0.0",
      "resolved": "https://registry.npmjs.org/wrappy/-/wrappy-1.0.2.tgz",
      "dev": true
    },
    "write-file-atomic": {
      "version": "1.3.1",
      "from": "write-file-atomic@>=1.1.2 <2.0.0",
      "resolved": "https://registry.npmjs.org/write-file-atomic/-/write-file-atomic-1.3.1.tgz",
      "dev": true
    },
    "xdg-basedir": {
      "version": "3.0.0",
      "from": "xdg-basedir@>=3.0.0 <4.0.0",
      "resolved": "https://registry.npmjs.org/xdg-basedir/-/xdg-basedir-3.0.0.tgz",
      "dev": true
    },
    "yallist": {
      "version": "2.1.2",
      "from": "yallist@>=2.0.0 <3.0.0",
      "resolved": "https://registry.npmjs.org/yallist/-/yallist-2.1.2.tgz",
      "dev": true
    }
  }
}
